
Microsoft Visual Studio Solution File, Format Version 12.00
# Visual Studio Version 16
VisualStudioVersion = 16.0.30907.101
MinimumVisualStudioVersion = 10.0.40219.1
Project("{9A19103F-16F7-4668-BE54-9A1E7A4F7556}") = "Encapsulation", "Encapsulation\Encapsulation.csproj", "{77F50057-F1A6-4616-AD2C-02EA1E5DCE1B}"
EndProject
Global
	GlobalSection(SolutionConfigurationPlatforms) = preSolution
		Debug|Any CPU = Debug|Any CPU
		Release|Any CPU = Release|Any CPU
	EndGlobalSection
	GlobalSection(ProjectConfigurationPlatforms) = postSolution
		{77F50057-F1A6-4616-AD2C-02EA1E5DCE1B}.Debug|Any CPU.ActiveCfg = Debug|Any CPU
		{77F50057-F1A6-4616-AD2C-02EA1E5DCE1B}.Debug|Any CPU.Build.0 = Debug|Any CPU
		{77F50057-F1A6-4616-AD2C-02EA1E5DCE1B}.Release|Any CPU.ActiveCfg = Release|Any CPU
		{77F50057-F1A6-4616-AD2C-02EA1E5DCE1B}.Release|Any CPU.Build.0 = Release|Any CPU
	EndGlobalSection
	GlobalSection(SolutionProperties) = preSolution
		HideSolutionNode = FALSE
	EndGlobalSection
	GlobalSection(ExtensibilityGlobals) = postSolution
		SolutionGuid = {C81DBE92-17D6-46BE-A499-2DC9181ADCB1}
	EndGlobalSection
EndGlobal
